
Microsoft Visual Studio Solution File, Format Version 12.00
# Visual Studio Version 16
VisualStudioVersion = 16.0.31605.320
MinimumVisualStudioVersion = 10.0.40219.1
Project("{FAE04EC0-301F-11D3-BF4B-00C04F79EFBC}") = "secondmaximumnum", "secondmaximumnum\secondmaximumnum.csproj", "{F74A828F-71EE-4162-8A6F-718CD4652EAB}"
EndProject
Global
	GlobalSection(SolutionConfigurationPlatforms) = preSolution
		Debug|Any CPU = Debug|Any CPU
		Release|Any CPU = Release|Any CPU
	EndGlobalSection
	GlobalSection(ProjectConfigurationPlatforms) = postSolution
		{F74A828F-71EE-4162-8A6F-718CD4652EAB}.Debug|Any CPU.ActiveCfg = Debug|Any CPU
		{F74A828F-71EE-4162-8A6F-718CD4652EAB}.Debug|Any CPU.Build.0 = Debug|Any CPU
		{F74A828F-71EE-4162-8A6F-718CD4652EAB}.Release|Any CPU.ActiveCfg = Release|Any CPU
		{F74A828F-71EE-4162-8A6F-718CD4652EAB}.Release|Any CPU.Build.0 = Release|Any CPU
	EndGlobalSection
	GlobalSection(SolutionProperties) = preSolution
		HideSolutionNode = FALSE
	EndGlobalSection
	GlobalSection(ExtensibilityGlobals) = postSolution
		SolutionGuid = {52C6F2BB-5B1C-443B-8C8D-8D9619C7F69A}
	EndGlobalSection
EndGlobal
